Microsoft Visual Studio Solution File, Format Version 12.00
# Visual Studio Version 17
VisualStudioVersion = 17.5.2.0
MinimumVisualStudioVersion = 10.0.40219.1
Project("{FAE04EC0-301F-11D3-BF4B-00C04F79EFBC}") = "WIPR_FinalProject_Entity", "WIPR_FinalProject_Entity.csproj", "{3D70A771-624D-5956-9ED7-A17995FFF525}"
EndProject
Global
	GlobalSection(SolutionConfigurationPlatforms) = preSolution
		Debug|Any CPU = Debug|Any CPU
		Release|Any CPU = Release|Any CPU
	EndGlobalSection
	GlobalSection(ProjectConfigurationPlatforms) = postSolution
		{3D70A771-624D-5956-9ED7-A17995FFF525}.Debug|Any CPU.ActiveCfg = Debug|Any CPU
		{3D70A771-624D-5956-9ED7-A17995FFF525}.Debug|Any CPU.Build.0 = Debug|Any CPU
		{3D70A771-624D-5956-9ED7-A17995FFF525}.Release|Any CPU.ActiveCfg = Release|Any CPU
		{3D70A771-624D-5956-9ED7-A17995FFF525}.Release|Any CPU.Build.0 = Release|Any CPU
	EndGlobalSection
	GlobalSection(SolutionProperties) = preSolution
		HideSolutionNode = FALSE
	EndGlobalSection
	GlobalSection(ExtensibilityGlobals) = postSolution
		SolutionGuid = {741C93C5-0AAB-453F-B742-7CA3F807FB25}
	EndGlobalSection
EndGlobal
